
Microsoft Visual Studio Solution File, Format Version 12.00
# Visual Studio Version 17
VisualStudioVersion = 17.8.34309.116
MinimumVisualStudioVersion = 10.0.40219.1
Project("{FAE04EC0-301F-11D3-BF4B-00C04F79EFBC}") = "usine", "usine.csproj", "{0B6AEB2B-7867-4C17-A2C8-2C7AC453AB8F}"
EndProject
Project("{FAE04EC0-301F-11D3-BF4B-00C04F79EFBC}") = "FactoryLibrairy", "..\FactoryLibrairy\FactoryLibrairy.csproj", "{5851F66E-C538-4F7C-9ABC-38E420CBC90E}"
EndProject
Global
	GlobalSection(SolutionConfigurationPlatforms) = preSolution
		Debug|Any CPU = Debug|Any CPU
		Release|Any CPU = Release|Any CPU
	EndGlobalSection
	GlobalSection(ProjectConfigurationPlatforms) = postSolution
		{0B6AEB2B-7867-4C17-A2C8-2C7AC453AB8F}.Debug|Any CPU.ActiveCfg = Debug|Any CPU
		{0B6AEB2B-7867-4C17-A2C8-2C7AC453AB8F}.Debug|Any CPU.Build.0 = Debug|Any CPU
		{0B6AEB2B-7867-4C17-A2C8-2C7AC453AB8F}.Release|Any CPU.ActiveCfg = Release|Any CPU
		{0B6AEB2B-7867-4C17-A2C8-2C7AC453AB8F}.Release|Any CPU.Build.0 = Release|Any CPU
		{5851F66E-C538-4F7C-9ABC-38E420CBC90E}.Debug|Any CPU.ActiveCfg = Debug|Any CPU
		{5851F66E-C538-4F7C-9ABC-38E420CBC90E}.Debug|Any CPU.Build.0 = Debug|Any CPU
		{5851F66E-C538-4F7C-9ABC-38E420CBC90E}.Release|Any CPU.ActiveCfg = Release|Any CPU
		{5851F66E-C538-4F7C-9ABC-38E420CBC90E}.Release|Any CPU.Build.0 = Release|Any CPU
	EndGlobalSection
	GlobalSection(SolutionProperties) = preSolution
		HideSolutionNode = FALSE
	EndGlobalSection
	GlobalSection(ExtensibilityGlobals) = postSolution
		SolutionGuid = {E0E4B801-E12D-4CBB-820F-A99621B5D432}
	EndGlobalSection
EndGlobal
